
Microsoft Visual Studio Solution File, Format Version 12.00
Project("{FAE04EC0-301F-11D3-BF4B-00C04F79EFBC}") = "Intepreter", "Intepreter\Intepreter.csproj", "{CCAC86B3-01C4-411D-8FB8-DE957920954E}"
EndProject
Global
	GlobalSection(SolutionConfigurationPlatforms) = preSolution
		Debug|Any CPU = Debug|Any CPU
		Release|Any CPU = Release|Any CPU
	EndGlobalSection
	GlobalSection(ProjectConfigurationPlatforms) = postSolution
		{CCAC86B3-01C4-411D-8FB8-DE957920954E}.Debug|Any CPU.ActiveCfg = Debug|Any CPU
		{CCAC86B3-01C4-411D-8FB8-DE957920954E}.Debug|Any CPU.Build.0 = Debug|Any CPU
		{CCAC86B3-01C4-411D-8FB8-DE957920954E}.Release|Any CPU.ActiveCfg = Release|Any CPU
		{CCAC86B3-01C4-411D-8FB8-DE957920954E}.Release|Any CPU.Build.0 = Release|Any CPU
	EndGlobalSection
EndGlobal
