
Microsoft Visual Studio Solution File, Format Version 12.00
# Visual Studio Version 17
VisualStudioVersion = 17.9.34616.47
MinimumVisualStudioVersion = 10.0.40219.1
Project("{9A19103F-16F7-4668-BE54-9A1E7A4F7556}") = "Intepreter", "Intepreter\Intepreter.csproj", "{CCAC86B3-01C4-411D-8FB8-DE957920954E}"
EndProject
Project("{FAE04EC0-301F-11D3-BF4B-00C04F79EFBC}") = "InterpretatorForm", "InterpretatorForm\InterpretatorForm.csproj", "{D71FC244-59BB-4659-BA25-EB9BA4D3D4C1}"
EndProject
Global
	GlobalSection(SolutionConfigurationPlatforms) = preSolution
		Debug|Any CPU = Debug|Any CPU
		Release|Any CPU = Release|Any CPU
	EndGlobalSection
	GlobalSection(ProjectConfigurationPlatforms) = postSolution
		{CCAC86B3-01C4-411D-8FB8-DE957920954E}.Debug|Any CPU.ActiveCfg = Debug|Any CPU
		{CCAC86B3-01C4-411D-8FB8-DE957920954E}.Debug|Any CPU.Build.0 = Debug|Any CPU
		{CCAC86B3-01C4-411D-8FB8-DE957920954E}.Release|Any CPU.ActiveCfg = Release|Any CPU
		{CCAC86B3-01C4-411D-8FB8-DE957920954E}.Release|Any CPU.Build.0 = Release|Any CPU
		{D71FC244-59BB-4659-BA25-EB9BA4D3D4C1}.Debug|Any CPU.ActiveCfg = Debug|Any CPU
		{D71FC244-59BB-4659-BA25-EB9BA4D3D4C1}.Debug|Any CPU.Build.0 = Debug|Any CPU
		{D71FC244-59BB-4659-BA25-EB9BA4D3D4C1}.Release|Any CPU.ActiveCfg = Release|Any CPU
		{D71FC244-59BB-4659-BA25-EB9BA4D3D4C1}.Release|Any CPU.Build.0 = Release|Any CPU
	EndGlobalSection
	GlobalSection(SolutionProperties) = preSolution
		HideSolutionNode = FALSE
	EndGlobalSection
EndGlobal
